
Microsoft Visual Studio Solution File, Format Version 12.00
# Visual Studio Version 16
VisualStudioVersion = 16.0.29230.47
MinimumVisualStudioVersion = 10.0.40219.1
Project("{FAE04EC0-301F-11D3-BF4B-00C04F79EFBC}") = "Iterations", "Iterations\Iterations.csproj", "{C7E9FC8D-B380-46F1-BE66-54713EF05AA8}"
EndProject
Project("{FAE04EC0-301F-11D3-BF4B-00C04F79EFBC}") = "Deciscion constructs", "Deciscion constructs\Deciscion constructs.csproj", "{4265A9F8-9F66-4B2F-BFF0-539D158D3BAE}"
EndProject
Project("{FAE04EC0-301F-11D3-BF4B-00C04F79EFBC}") = "Arrays", "Arrays\Arrays.csproj", "{594138FD-B043-4654-8533-C550E5A8D136}"
EndProject
Global
	GlobalSection(SolutionConfigurationPlatforms) = preSolution
		Debug|Any CPU = Debug|Any CPU
		Release|Any CPU = Release|Any CPU
	EndGlobalSection
	GlobalSection(ProjectConfigurationPlatforms) = postSolution
		{C7E9FC8D-B380-46F1-BE66-54713EF05AA8}.Debug|Any CPU.ActiveCfg = Debug|Any CPU
		{C7E9FC8D-B380-46F1-BE66-54713EF05AA8}.Debug|Any CPU.Build.0 = Debug|Any CPU
		{C7E9FC8D-B380-46F1-BE66-54713EF05AA8}.Release|Any CPU.ActiveCfg = Release|Any CPU
		{C7E9FC8D-B380-46F1-BE66-54713EF05AA8}.Release|Any CPU.Build.0 = Release|Any CPU
		{4265A9F8-9F66-4B2F-BFF0-539D158D3BAE}.Debug|Any CPU.ActiveCfg = Debug|Any CPU
		{4265A9F8-9F66-4B2F-BFF0-539D158D3BAE}.Debug|Any CPU.Build.0 = Debug|Any CPU
		{4265A9F8-9F66-4B2F-BFF0-539D158D3BAE}.Release|Any CPU.ActiveCfg = Release|Any CPU
		{4265A9F8-9F66-4B2F-BFF0-539D158D3BAE}.Release|Any CPU.Build.0 = Release|Any CPU
		{594138FD-B043-4654-8533-C550E5A8D136}.Debug|Any CPU.ActiveCfg = Debug|Any CPU
		{594138FD-B043-4654-8533-C550E5A8D136}.Debug|Any CPU.Build.0 = Debug|Any CPU
		{594138FD-B043-4654-8533-C550E5A8D136}.Release|Any CPU.ActiveCfg = Release|Any CPU
		{594138FD-B043-4654-8533-C550E5A8D136}.Release|Any CPU.Build.0 = Release|Any CPU
	EndGlobalSection
	GlobalSection(SolutionProperties) = preSolution
		HideSolutionNode = FALSE
	EndGlobalSection
	GlobalSection(ExtensibilityGlobals) = postSolution
		SolutionGuid = {53F1ADFA-B76D-4982-AD56-F59840ADEBDD}
	EndGlobalSection
EndGlobal
